
Microsoft Visual Studio Solution File, Format Version 12.00
# Visual Studio 15
VisualStudioVersion = 15.0.28010.2019
MinimumVisualStudioVersion = 10.0.40219.1
Project("{2150E333-8FDC-42A3-9474-1A3956D46DE8}") = "S.A.D", "S.A.D", "{B5A8C721-CA61-4FEE-ACA6-F5B00A9F1E35}"
EndProject
Project("{2150E333-8FDC-42A3-9474-1A3956D46DE8}") = "1 - Application", "1 - Application", "{1E255EB8-C3DB-4128-968B-7C71142298CA}"
EndProject
Project("{2150E333-8FDC-42A3-9474-1A3956D46DE8}") = "2 - Domain", "2 - Domain", "{B0952712-6224-4362-9FBF-77F13D9F6471}"
EndProject
Project("{2150E333-8FDC-42A3-9474-1A3956D46DE8}") = "3 - Infraestructure", "3 - Infraestructure", "{98375748-52C5-48B4-8DEE-E40A470834AC}"
EndProject
Project("{2150E333-8FDC-42A3-9474-1A3956D46DE8}") = "3.1 - Data", "3.1 - Data", "{69AEBC2F-30AE-4F09-A44D-72F88756C0B9}"
EndProject
Project("{2150E333-8FDC-42A3-9474-1A3956D46DE8}") = "3.2 - CrossCutting", "3.2 - CrossCutting", "{02366C8A-3467-406F-BF1E-84A29D01CBA7}"
EndProject
Project("{FAE04EC0-301F-11D3-BF4B-00C04F79EFBC}") = "SAD.Cobranca.Infra.Data.IoC", "SAD.Cobranca.Infra.Data.IoC\SAD.Cobranca.Infra.Data.IoC.csproj", "{4096D350-7A11-4422-873A-6CD7EDC9374B}"
EndProject
Project("{FAE04EC0-301F-11D3-BF4B-00C04F79EFBC}") = "SAD.Cobranca.Application", "SAD.Cobranca.Application\SAD.Cobranca.Application.csproj", "{D3C2B14F-01F7-4D2C-8E9F-DC7113D9A232}"
EndProject
Project("{FAE04EC0-301F-11D3-BF4B-00C04F79EFBC}") = "SAD.Cobranca.Domain.Core", "CC.SAD.Cobranca.Domain.Core\SAD.Cobranca.Domain.Core.csproj", "{6966FC19-998E-4C86-B617-88C437CAF426}"
EndProject
Project("{FAE04EC0-301F-11D3-BF4B-00C04F79EFBC}") = "SAD.Cobranca.Domain", "SAD.Cobranca.Domain\SAD.Cobranca.Domain.csproj", "{260B7FA4-F920-49D8-B09F-A5B3DC9C2E1E}"
EndProject
Project("{FAE04EC0-301F-11D3-BF4B-00C04F79EFBC}") = "SAD.Cobranca.Infra.CrossCutting.IoC", "SAD.Cobranca.Infra.CrossCutting.IoC\SAD.Cobranca.Infra.CrossCutting.IoC.csproj", "{3C5EF1D1-68F7-4FCC-BEDF-567C2E9265F8}"
EndProject
Project("{2150E333-8FDC-42A3-9474-1A3956D46DE8}") = "Tesis", "Tesis", "{FC850CC9-4E7C-4B77-B427-C7DF84F4F5EC}"
EndProject
Project("{2150E333-8FDC-42A3-9474-1A3956D46DE8}") = "1 - Application", "1 - Application", "{7634A5AE-3016-4233-AF55-4572C7293811}"
EndProject
Project("{2150E333-8FDC-42A3-9474-1A3956D46DE8}") = "2 - Domain", "2 - Domain", "{975BFF15-F31A-4D83-A3C4-853532E5AE6E}"
EndProject
Project("{2150E333-8FDC-42A3-9474-1A3956D46DE8}") = "3 - Infraestructure", "3 - Infraestructure", "{630CF6A4-A770-45A9-B044-176D6523624D}"
EndProject
Project("{2150E333-8FDC-42A3-9474-1A3956D46DE8}") = "Total Ip", "Total Ip", "{773D7638-F342-4F91-BC09-DDE98A60B166}"
EndProject
Project("{2150E333-8FDC-42A3-9474-1A3956D46DE8}") = "1 - Application", "1 - Application", "{4827CFC8-8384-4349-BE85-CE0428C12175}"
EndProject
Project("{2150E333-8FDC-42A3-9474-1A3956D46DE8}") = "2 - Domain", "2 - Domain", "{587295E4-D089-4435-A8E9-8A5D32583C4E}"
EndProject
Project("{2150E333-8FDC-42A3-9474-1A3956D46DE8}") = "3 - Infraestructure", "3 - Infraestructure", "{0FE4D927-D182-488C-B156-6074FDDFE75B}"
EndProject
Project("{2150E333-8FDC-42A3-9474-1A3956D46DE8}") = "3.1 - Data", "3.1 - Data", "{45562E17-DC4F-4005-BFFC-525BF7724F7C}"
EndProject
Project("{2150E333-8FDC-42A3-9474-1A3956D46DE8}") = "3.2 - CrossCutting", "3.2 - CrossCutting", "{533267FA-ED54-4E6E-984F-B578FEEF80AE}"
EndProject
Project("{2150E333-8FDC-42A3-9474-1A3956D46DE8}") = "3.1 - Data", "3.1 - Data", "{7601542A-A50D-418B-BF06-8AE25A4F5B7E}"
EndProject
Project("{2150E333-8FDC-42A3-9474-1A3956D46DE8}") = "3.2 - CrossCutting", "3.2 - CrossCutting", "{039EC8C2-2B0A-428D-BB95-CBA24AECC717}"
EndProject
Project("{2150E333-8FDC-42A3-9474-1A3956D46DE8}") = "Server", "Server", "{840230DD-A483-4072-9AFC-674CCE312334}"
EndProject
Project("{FAE04EC0-301F-11D3-BF4B-00C04F79EFBC}") = "SAD.Cobranca.Infra.CrossCutting.MvcFilters", "CC.SAD.Cobranca.Infra.CrossCutting.MvcFilters\SAD.Cobranca.Infra.CrossCutting.MvcFilters.csproj", "{707EE6BB-5663-4E1E-8585-7C7FC2BAB39F}"
EndProject
Project("{FAE04EC0-301F-11D3-BF4B-00C04F79EFBC}") = "SAD.Cobranca.Infra.Data.IoC.Tesis", "SAD.Cobranca.Infra.Data.IoC.Tesis\SAD.Cobranca.Infra.Data.IoC.Tesis.csproj", "{616A76E6-815E-4AB5-BCF3-A0B82F3764F6}"
EndProject
Global
	GlobalSection(SolutionConfigurationPlatforms) = preSolution
		Debug|Any CPU = Debug|Any CPU
		Release|Any CPU = Release|Any CPU
	EndGlobalSection
	GlobalSection(ProjectConfigurationPlatforms) = postSolution
		{4096D350-7A11-4422-873A-6CD7EDC9374B}.Debug|Any CPU.ActiveCfg = Debug|Any CPU
		{4096D350-7A11-4422-873A-6CD7EDC9374B}.Debug|Any CPU.Build.0 = Debug|Any CPU
		{4096D350-7A11-4422-873A-6CD7EDC9374B}.Release|Any CPU.ActiveCfg = Release|Any CPU
		{4096D350-7A11-4422-873A-6CD7EDC9374B}.Release|Any CPU.Build.0 = Release|Any CPU
		{D3C2B14F-01F7-4D2C-8E9F-DC7113D9A232}.Debug|Any CPU.ActiveCfg = Debug|Any CPU
		{D3C2B14F-01F7-4D2C-8E9F-DC7113D9A232}.Debug|Any CPU.Build.0 = Debug|Any CPU
		{D3C2B14F-01F7-4D2C-8E9F-DC7113D9A232}.Release|Any CPU.ActiveCfg = Release|Any CPU
		{D3C2B14F-01F7-4D2C-8E9F-DC7113D9A232}.Release|Any CPU.Build.0 = Release|Any CPU
		{6966FC19-998E-4C86-B617-88C437CAF426}.Debug|Any CPU.ActiveCfg = Debug|Any CPU
		{6966FC19-998E-4C86-B617-88C437CAF426}.Debug|Any CPU.Build.0 = Debug|Any CPU
		{6966FC19-998E-4C86-B617-88C437CAF426}.Release|Any CPU.ActiveCfg = Release|Any CPU
		{6966FC19-998E-4C86-B617-88C437CAF426}.Release|Any CPU.Build.0 = Release|Any CPU
		{260B7FA4-F920-49D8-B09F-A5B3DC9C2E1E}.Debug|Any CPU.ActiveCfg = Debug|Any CPU
		{260B7FA4-F920-49D8-B09F-A5B3DC9C2E1E}.Debug|Any CPU.Build.0 = Debug|Any CPU
		{260B7FA4-F920-49D8-B09F-A5B3DC9C2E1E}.Release|Any CPU.ActiveCfg = Release|Any CPU
		{260B7FA4-F920-49D8-B09F-A5B3DC9C2E1E}.Release|Any CPU.Build.0 = Release|Any CPU
		{3C5EF1D1-68F7-4FCC-BEDF-567C2E9265F8}.Debug|Any CPU.ActiveCfg = Debug|Any CPU
		{3C5EF1D1-68F7-4FCC-BEDF-567C2E9265F8}.Debug|Any CPU.Build.0 = Debug|Any CPU
		{3C5EF1D1-68F7-4FCC-BEDF-567C2E9265F8}.Release|Any CPU.ActiveCfg = Release|Any CPU
		{3C5EF1D1-68F7-4FCC-BEDF-567C2E9265F8}.Release|Any CPU.Build.0 = Release|Any CPU
		{707EE6BB-5663-4E1E-8585-7C7FC2BAB39F}.Debug|Any CPU.ActiveCfg = Debug|Any CPU
		{707EE6BB-5663-4E1E-8585-7C7FC2BAB39F}.Debug|Any CPU.Build.0 = Debug|Any CPU
		{707EE6BB-5663-4E1E-8585-7C7FC2BAB39F}.Release|Any CPU.ActiveCfg = Release|Any CPU
		{707EE6BB-5663-4E1E-8585-7C7FC2BAB39F}.Release|Any CPU.Build.0 = Release|Any CPU
		{616A76E6-815E-4AB5-BCF3-A0B82F3764F6}.Debug|Any CPU.ActiveCfg = Debug|Any CPU
		{616A76E6-815E-4AB5-BCF3-A0B82F3764F6}.Debug|Any CPU.Build.0 = Debug|Any CPU
		{616A76E6-815E-4AB5-BCF3-A0B82F3764F6}.Release|Any CPU.ActiveCfg = Release|Any CPU
		{616A76E6-815E-4AB5-BCF3-A0B82F3764F6}.Release|Any CPU.Build.0 = Release|Any CPU
	EndGlobalSection
	GlobalSection(SolutionProperties) = preSolution
		HideSolutionNode = FALSE
	EndGlobalSection
	GlobalSection(NestedProjects) = preSolution
		{1E255EB8-C3DB-4128-968B-7C71142298CA} = {B5A8C721-CA61-4FEE-ACA6-F5B00A9F1E35}
		{B0952712-6224-4362-9FBF-77F13D9F6471} = {B5A8C721-CA61-4FEE-ACA6-F5B00A9F1E35}
		{98375748-52C5-48B4-8DEE-E40A470834AC} = {B5A8C721-CA61-4FEE-ACA6-F5B00A9F1E35}
		{69AEBC2F-30AE-4F09-A44D-72F88756C0B9} = {98375748-52C5-48B4-8DEE-E40A470834AC}
		{02366C8A-3467-406F-BF1E-84A29D01CBA7} = {98375748-52C5-48B4-8DEE-E40A470834AC}
		{4096D350-7A11-4422-873A-6CD7EDC9374B} = {69AEBC2F-30AE-4F09-A44D-72F88756C0B9}
		{D3C2B14F-01F7-4D2C-8E9F-DC7113D9A232} = {1E255EB8-C3DB-4128-968B-7C71142298CA}
		{6966FC19-998E-4C86-B617-88C437CAF426} = {B0952712-6224-4362-9FBF-77F13D9F6471}
		{260B7FA4-F920-49D8-B09F-A5B3DC9C2E1E} = {B0952712-6224-4362-9FBF-77F13D9F6471}
		{3C5EF1D1-68F7-4FCC-BEDF-567C2E9265F8} = {02366C8A-3467-406F-BF1E-84A29D01CBA7}
		{7634A5AE-3016-4233-AF55-4572C7293811} = {FC850CC9-4E7C-4B77-B427-C7DF84F4F5EC}
		{975BFF15-F31A-4D83-A3C4-853532E5AE6E} = {FC850CC9-4E7C-4B77-B427-C7DF84F4F5EC}
		{630CF6A4-A770-45A9-B044-176D6523624D} = {FC850CC9-4E7C-4B77-B427-C7DF84F4F5EC}
		{4827CFC8-8384-4349-BE85-CE0428C12175} = {773D7638-F342-4F91-BC09-DDE98A60B166}
		{587295E4-D089-4435-A8E9-8A5D32583C4E} = {773D7638-F342-4F91-BC09-DDE98A60B166}
		{0FE4D927-D182-488C-B156-6074FDDFE75B} = {773D7638-F342-4F91-BC09-DDE98A60B166}
		{45562E17-DC4F-4005-BFFC-525BF7724F7C} = {630CF6A4-A770-45A9-B044-176D6523624D}
		{533267FA-ED54-4E6E-984F-B578FEEF80AE} = {630CF6A4-A770-45A9-B044-176D6523624D}
		{7601542A-A50D-418B-BF06-8AE25A4F5B7E} = {0FE4D927-D182-488C-B156-6074FDDFE75B}
		{039EC8C2-2B0A-428D-BB95-CBA24AECC717} = {0FE4D927-D182-488C-B156-6074FDDFE75B}
		{707EE6BB-5663-4E1E-8585-7C7FC2BAB39F} = {69AEBC2F-30AE-4F09-A44D-72F88756C0B9}
		{616A76E6-815E-4AB5-BCF3-A0B82F3764F6} = {45562E17-DC4F-4005-BFFC-525BF7724F7C}
	EndGlobalSection
	GlobalSection(ExtensibilityGlobals) = postSolution
		SolutionGuid = {15B645A7-2AF6-4C3E-BE36-0D8EC48FD3BF}
	EndGlobalSection
EndGlobal
